
Microsoft Visual Studio Solution File, Format Version 12.00
# Visual Studio Version 17
VisualStudioVersion = 17.7.34031.279
MinimumVisualStudioVersion = 10.0.40219.1
Project("{FAE04EC0-301F-11D3-BF4B-00C04F79EFBC}") = "NewLabTest", "NewLabTest\NewLabTest.csproj", "{837E7750-28CC-491E-A3A6-B3C464764693}"
EndProject
Project("{FAE04EC0-301F-11D3-BF4B-00C04F79EFBC}") = "TestProject", "TestProject\TestProject.csproj", "{3BB1D3A5-66A2-46C2-BC68-D1476F61CA5B}"
EndProject
Global
	GlobalSection(SolutionConfigurationPlatforms) = preSolution
		Debug|Any CPU = Debug|Any CPU
		Release|Any CPU = Release|Any CPU
	EndGlobalSection
	GlobalSection(ProjectConfigurationPlatforms) = postSolution
		{837E7750-28CC-491E-A3A6-B3C464764693}.Debug|Any CPU.ActiveCfg = Debug|Any CPU
		{837E7750-28CC-491E-A3A6-B3C464764693}.Debug|Any CPU.Build.0 = Debug|Any CPU
		{837E7750-28CC-491E-A3A6-B3C464764693}.Release|Any CPU.ActiveCfg = Release|Any CPU
		{837E7750-28CC-491E-A3A6-B3C464764693}.Release|Any CPU.Build.0 = Release|Any CPU
		{3BB1D3A5-66A2-46C2-BC68-D1476F61CA5B}.Debug|Any CPU.ActiveCfg = Debug|Any CPU
		{3BB1D3A5-66A2-46C2-BC68-D1476F61CA5B}.Debug|Any CPU.Build.0 = Debug|Any CPU
		{3BB1D3A5-66A2-46C2-BC68-D1476F61CA5B}.Release|Any CPU.ActiveCfg = Release|Any CPU
		{3BB1D3A5-66A2-46C2-BC68-D1476F61CA5B}.Release|Any CPU.Build.0 = Release|Any CPU
	EndGlobalSection
	GlobalSection(SolutionProperties) = preSolution
		HideSolutionNode = FALSE
	EndGlobalSection
	GlobalSection(ExtensibilityGlobals) = postSolution
		SolutionGuid = {4E89550D-453E-4308-97BA-758988DBAD54}
	EndGlobalSection
EndGlobal
